
Microsoft Visual Studio Solution File, Format Version 12.00
# Visual Studio Version 17
VisualStudioVersion = 17.2.32616.157
MinimumVisualStudioVersion = 10.0.40219.1
Project("{8BC9CEB8-8B4A-11D0-8D11-00A0C91BC942}") = "실습문제", "실습문제\실습문제.vcxproj", "{46ACB38E-3831-439D-BC24-9B5EA5DBF343}"
EndProject
Global
	GlobalSection(SolutionConfigurationPlatforms) = preSolution
		Debug|x64 = Debug|x64
		Debug|x86 = Debug|x86
		Release|x64 = Release|x64
		Release|x86 = Release|x86
	EndGlobalSection
	GlobalSection(ProjectConfigurationPlatforms) = postSolution
		{46ACB38E-3831-439D-BC24-9B5EA5DBF343}.Debug|x64.ActiveCfg = Debug|x64
		{46ACB38E-3831-439D-BC24-9B5EA5DBF343}.Debug|x64.Build.0 = Debug|x64
		{46ACB38E-3831-439D-BC24-9B5EA5DBF343}.Debug|x86.ActiveCfg = Debug|Win32
		{46ACB38E-3831-439D-BC24-9B5EA5DBF343}.Debug|x86.Build.0 = Debug|Win32
		{46ACB38E-3831-439D-BC24-9B5EA5DBF343}.Release|x64.ActiveCfg = Release|x64
		{46ACB38E-3831-439D-BC24-9B5EA5DBF343}.Release|x64.Build.0 = Release|x64
		{46ACB38E-3831-439D-BC24-9B5EA5DBF343}.Release|x86.ActiveCfg = Release|Win32
		{46ACB38E-3831-439D-BC24-9B5EA5DBF343}.Release|x86.Build.0 = Release|Win32
	EndGlobalSection
	GlobalSection(SolutionProperties) = preSolution
		HideSolutionNode = FALSE
	EndGlobalSection
	GlobalSection(ExtensibilityGlobals) = postSolution
		SolutionGuid = {1079487E-8CA4-46C4-AC89-0CC06CE74BEE}
	EndGlobalSection
EndGlobal
